// !$*UTF8*$!
{
	archiveVersion = 1;
	classes = {
	};
	objectVersion = 46;
	objects = {

/* Begin PBXBuildFile section */
		B7F9D8D4193946510036822C /* Foundation.framework in Frameworks */ = {isa = PBXBuildFile; fileRef = B7F9D8D3193946510036822C /* Foundation.framework */; };
		B7F9D8D6193946510036822C /* CoreGraphics.framework in Frameworks */ = {isa = PBXBuildFile; fileRef = B7F9D8D5193946510036822C /* CoreGraphics.framework */; };
		B7F9D8D8193946510036822C /* UIKit.framework in Frameworks */ = {isa = PBXBuildFile; fileRef = B7F9D8D7193946510036822C /* UIKit.framework */; };
		B7F9D8DA193946510036822C /* CoreData.framework in Frameworks */ = {isa = PBXBuildFile; fileRef = B7F9D8D9193946510036822C /* CoreData.framework */; };
		B7F9D8E0193946510036822C /* InfoPlist.strings in Resources */ = {isa = PBXBuildFile; fileRef = B7F9D8DE193946510036822C /* InfoPlist.strings */; };
		B7F9D8E2193946510036822C /* main.m in Sources */ = {isa = PBXBuildFile; fileRef = B7F9D8E1193946510036822C /* main.m */; };
		B7F9D8E6193946510036822C /* MMAppDelegate.m in Sources */ = {isa = PBXBuildFile; fileRef = B7F9D8E5193946510036822C /* MMAppDelegate.m */; };
		B7F9D8E9193946510036822C /* TopMovies.xcdatamodeld in Sources */ = {isa = PBXBuildFile; fileRef = B7F9D8E7193946510036822C /* TopMovies.xcdatamodeld */; };
		B7F9D8EB193946510036822C /* Images.xcassets in Resources */ = {isa = PBXBuildFile; fileRef = B7F9D8EA193946510036822C /* Images.xcassets */; };
		B7F9D8F2193946510036822C /* XCTest.framework in Frameworks */ = {isa = PBXBuildFile; fileRef = B7F9D8F1193946510036822C /* XCTest.framework */; };
		B7F9D8F3193946510036822C /* Foundation.framework in Frameworks */ = {isa = PBXBuildFile; fileRef = B7F9D8D3193946510036822C /* Foundation.framework */; };
		B7F9D8F4193946510036822C /* UIKit.framework in Frameworks */ = {isa = PBXBuildFile; fileRef = B7F9D8D7193946510036822C /* UIKit.framework */; };
		B7F9D8F5193946510036822C /* CoreData.framework in Frameworks */ = {isa = PBXBuildFile; fileRef = B7F9D8D9193946510036822C /* CoreData.framework */; };
		B7F9D8FD193946510036822C /* InfoPlist.strings in Resources */ = {isa = PBXBuildFile; fileRef = B7F9D8FB193946510036822C /* InfoPlist.strings */; };
		B7F9D8FF193946510036822C /* TopMoviesTests.m in Sources */ = {isa = PBXBuildFile; fileRef = B7F9D8FE193946510036822C /* TopMoviesTests.m */; };
		B7F9D94D19394EFB0036822C /* Main_iPad.storyboard in Resources */ = {isa = PBXBuildFile; fileRef = B7F9D94C19394EFB0036822C /* Main_iPad.storyboard */; };
		B7F9D94F19394F0C0036822C /* Main_iPhone.storyboard in Resources */ = {isa = PBXBuildFile; fileRef = B7F9D94E19394F0C0036822C /* Main_iPhone.storyboard */; };
		B7F9D955193951080036822C /* MovieListViewController.m in Sources */ = {isa = PBXBuildFile; fileRef = B7F9D954193951080036822C /* MovieListViewController.m */; };
/* End PBXBuildFile section */

/* Begin PBXContainerItemProxy section */
		B7F9D8F6193946510036822C /* PBXContainerItemProxy */ = {
			isa = PBXContainerItemProxy;
			containerPortal = B7F9D8C8193946510036822C /* Project object */;
			proxyType = 1;
			remoteGlobalIDString = B7F9D8CF193946510036822C;
			remoteInfo = TopMovies;
		};
/* End PBXContainerItemProxy section */

/* Begin PBXFileReference section */
		B7F9D8D0193946510036822C /* TopMovies.app */ = {isa = PBXFileReference; explicitFileType = wrapper.application; includeInIndex = 0; path = TopMovies.app; sourceTree = BUILT_PRODUCTS_DIR; };
		B7F9D8D3193946510036822C /* Foundation.framework */ = {isa = PBXFileReference; lastKnownFileType = wrapper.framework; name = Foundation.framework; path = System/Library/Frameworks/Foundation.framework; sourceTree = SDKROOT; };
		B7F9D8D5193946510036822C /* CoreGraphics.framework */ = {isa = PBXFileReference; lastKnownFileType = wrapper.framework; name = CoreGraphics.framework; path = System/Library/Frameworks/CoreGraphics.framework; sourceTree = SDKROOT; };
		B7F9D8D7193946510036822C /* UIKit.framework */ = {isa = PBXFileReference; lastKnownFileType = wrapper.framework; name = UIKit.framework; path = System/Library/Frameworks/UIKit.framework; sourceTree = SDKROOT; };
		B7F9D8D9193946510036822C /* CoreData.framework */ = {isa = PBXFileReference; lastKnownFileType = wrapper.framework; name = CoreData.framework; path = System/Library/Frameworks/CoreData.framework; sourceTree = SDKROOT; };
		B7F9D8DD193946510036822C /* TopMovies-Info.plist */ = {isa = PBXFileReference; lastKnownFileType = text.plist.xml; path = "TopMovies-Info.plist"; sourceTree = "<group>"; };
		B7F9D8DF193946510036822C /* en */ = {isa = PBXFileReference; lastKnownFileType = text.plist.strings; name = en; path = en.lproj/InfoPlist.strings; sourceTree = "<group>"; };
		B7F9D8E1193946510036822C /* main.m */ = {isa = PBXFileReference; lastKnownFileType = sourcecode.c.objc; path = main.m; sourceTree = "<group>"; };
		B7F9D8E3193946510036822C /* TopMovies-Prefix.pch */ = {isa = PBXFileReference; lastKnownFileType = sourcecode.c.h; path = "TopMovies-Prefix.pch"; sourceTree = "<group>"; };
		B7F9D8E4193946510036822C /* MMAppDelegate.h */ = {isa = PBXFileReference; lastKnownFileType = sourcecode.c.h; path = MMAppDelegate.h; sourceTree = "<group>"; };
		B7F9D8E5193946510036822C /* MMAppDelegate.m */ = {isa = PBXFileReference; lastKnownFileType = sourcecode.c.objc; path = MMAppDelegate.m; sourceTree = "<group>"; };
		B7F9D8E8193946510036822C /* TopMovies.xcdatamodel */ = {isa = PBXFileReference; lastKnownFileType = wrapper.xcdatamodel; path = TopMovies.xcdatamodel; sourceTree = "<group>"; };
		B7F9D8EA193946510036822C /* Images.xcassets */ = {isa = PBXFileReference; lastKnownFileType = folder.assetcatalog; path = Images.xcassets; sourceTree = "<group>"; };
		B7F9D8F0193946510036822C /* TopMoviesTests.xctest */ = {isa = PBXFileReference; explicitFileType = wrapper.cfbundle; includeInIndex = 0; path = TopMoviesTests.xctest; sourceTree = BUILT_PRODUCTS_DIR; };
		B7F9D8F1193946510036822C /* XCTest.framework */ = {isa = PBXFileReference; lastKnownFileType = wrapper.framework; name = XCTest.framework; path = Library/Frameworks/XCTest.framework; sourceTree = DEVELOPER_DIR; };
		B7F9D8FA193946510036822C /* TopMoviesTests-Info.plist */ = {isa = PBXFileReference; lastKnownFileType = text.plist.xml; path = "TopMoviesTests-Info.plist"; sourceTree = "<group>"; };
		B7F9D8FC193946510036822C /* en */ = {isa = PBXFileReference; lastKnownFileType = text.plist.strings; name = en; path = en.lproj/InfoPlist.strings; sourceTree = "<group>"; };
		B7F9D8FE193946510036822C /* TopMoviesTests.m */ = {isa = PBXFileReference; lastKnownFileType = sourcecode.c.objc; path = TopMoviesTests.m; sourceTree = "<group>"; };
		B7F9D94C19394EFB0036822C /* Main_iPad.storyboard */ = {isa = PBXFileReference; fileEncoding = 4; lastKnownFileType = file.storyboard; path = Main_iPad.storyboard; sourceTree = "<group>"; };
		B7F9D94E19394F0C0036822C /* Main_iPhone.storyboard */ = {isa = PBXFileReference; fileEncoding = 4; lastKnownFileType = file.storyboard; path = Main_iPhone.storyboard; sourceTree = "<group>"; };
		B7F9D953193951080036822C /* MovieListViewController.h */ = {isa = PBXFileReference; fileEncoding = 4; lastKnownFileType = sourcecode.c.h; path = MovieListViewController.h; sourceTree = "<group>"; };
		B7F9D954193951080036822C /* MovieListViewController.m */ = {isa = PBXFileReference; fileEncoding = 4; lastKnownFileType = sourcecode.c.objc; path = MovieListViewController.m; sourceTree = "<group>"; };
/* End PBXFileReference section */

/* Begin PBXFrameworksBuildPhase section */
		B7F9D8CD193946510036822C /* Frameworks */ = {
			isa = PBXFrameworksBuildPhase;
			buildActionMask = 2147483647;
			files = (
				B7F9D8D6193946510036822C /* CoreGraphics.framework in Frameworks */,
				B7F9D8DA193946510036822C /* CoreData.framework in Frameworks */,
				B7F9D8D8193946510036822C /* UIKit.framework in Frameworks */,
				B7F9D8D4193946510036822C /* Foundation.framework in Frameworks */,
			);
			runOnlyForDeploymentPostprocessing = 0;
		};
		B7F9D8ED193946510036822C /* Frameworks */ = {
			isa = PBXFrameworksBuildPhase;
			buildActionMask = 2147483647;
			files = (
				B7F9D8F2193946510036822C /* XCTest.framework in Frameworks */,
				B7F9D8F5193946510036822C /* CoreData.framework in Frameworks */,
				B7F9D8F4193946510036822C /* UIKit.framework in Frameworks */,
				B7F9D8F3193946510036822C /* Foundation.framework in Frameworks */,
			);
			runOnlyForDeploymentPostprocessing = 0;
		};
/* End PBXFrameworksBuildPhase section */

/* Begin PBXGroup section */
		B7F9D8C7193946510036822C = {
			isa = PBXGroup;
			children = (
				B7F9D8DB193946510036822C /* TopMovies */,
				B7F9D8F8193946510036822C /* TopMoviesTests */,
				B7F9D8D2193946510036822C /* Frameworks */,
				B7F9D8D1193946510036822C /* Products */,
			);
			sourceTree = "<group>";
		};
		B7F9D8D1193946510036822C /* Products */ = {
			isa = PBXGroup;
			children = (
				B7F9D8D0193946510036822C /* TopMovies.app */,
				B7F9D8F0193946510036822C /* TopMoviesTests.xctest */,
			);
			name = Products;
			sourceTree = "<group>";
		};
		B7F9D8D2193946510036822C /* Frameworks */ = {
			isa = PBXGroup;
			children = (
				B7F9D8D3193946510036822C /* Foundation.framework */,
				B7F9D8D5193946510036822C /* CoreGraphics.framework */,
				B7F9D8D7193946510036822C /* UIKit.framework */,
				B7F9D8D9193946510036822C /* CoreData.framework */,
				B7F9D8F1193946510036822C /* XCTest.framework */,
			);
			name = Frameworks;
			sourceTree = "<group>";
		};
		B7F9D8DB193946510036822C /* TopMovies */ = {
			isa = PBXGroup;
			children = (
				B7F9D8E4193946510036822C /* MMAppDelegate.h */,
				B7F9D8E5193946510036822C /* MMAppDelegate.m */,
				B7F9D94C19394EFB0036822C /* Main_iPad.storyboard */,
				B7F9D94E19394F0C0036822C /* Main_iPhone.storyboard */,
				B7F9D953193951080036822C /* MovieListViewController.h */,
				B7F9D954193951080036822C /* MovieListViewController.m */,
				B7F9D8E7193946510036822C /* TopMovies.xcdatamodeld */,
				B7F9D8EA193946510036822C /* Images.xcassets */,
				B7F9D8DC193946510036822C /* Supporting Files */,
			);
			path = TopMovies;
			sourceTree = "<group>";
		};
		B7F9D8DC193946510036822C /* Supporting Files */ = {
			isa = PBXGroup;
			children = (
				B7F9D8DD193946510036822C /* TopMovies-Info.plist */,
				B7F9D8DE193946510036822C /* InfoPlist.strings */,
				B7F9D8E1193946510036822C /* main.m */,
				B7F9D8E3193946510036822C /* TopMovies-Prefix.pch */,
			);
			name = "Supporting Files";
			sourceTree = "<group>";
		};
		B7F9D8F8193946510036822C /* TopMoviesTests */ = {
			isa = PBXGroup;
			children = (
				B7F9D8FE193946510036822C /* TopMoviesTests.m */,
				B7F9D8F9193946510036822C /* Supporting Files */,
			);
			path = TopMoviesTests;
			sourceTree = "<group>";
		};
		B7F9D8F9193946510036822C /* Supporting Files */ = {
			isa = PBXGroup;
			children = (
				B7F9D8FA193946510036822C /* TopMoviesTests-Info.plist */,
				B7F9D8FB193946510036822C /* InfoPlist.strings */,
			);
			name = "Supporting Files";
			sourceTree = "<group>";
		};
/* End PBXGroup section */

/* Begin PBXNativeTarget section */
		B7F9D8CF193946510036822C /* TopMovies */ = {
			isa = PBXNativeTarget;
			buildConfigurationList = B7F9D902193946510036822C /* Build configuration list for PBXNativeTarget "TopMovies" */;
			buildPhases = (
				B7F9D8CC193946510036822C /* Sources */,
				B7F9D8CD193946510036822C /* Frameworks */,
				B7F9D8CE193946510036822C /* Resources */,
			);
			buildRules = (
			);
			dependencies = (
			);
			name = TopMovies;
			productName = TopMovies;
			productReference = B7F9D8D0193946510036822C /* TopMovies.app */;
			productType = "com.apple.product-type.application";
		};
		B7F9D8EF193946510036822C /* TopMoviesTests */ = {
			isa = PBXNativeTarget;
			buildConfigurationList = B7F9D905193946510036822C /* Build configuration list for PBXNativeTarget "TopMoviesTests" */;
			buildPhases = (
				B7F9D8EC193946510036822C /* Sources */,
				B7F9D8ED193946510036822C /* Frameworks */,
				B7F9D8EE193946510036822C /* Resources */,
			);
			buildRules = (
			);
			dependencies = (
				B7F9D8F7193946510036822C /* PBXTargetDependency */,
			);
			name = TopMoviesTests;
			productName = TopMoviesTests;
			productReference = B7F9D8F0193946510036822C /* TopMoviesTests.xctest */;
			productType = "com.apple.product-type.bundle.unit-test";
		};
/* End PBXNativeTarget section */

/* Begin PBXProject section */
		B7F9D8C8193946510036822C /* Project object */ = {
			isa = PBXProject;
			attributes = {
				CLASSPREFIX = MM;
				LastUpgradeCheck = 0510;
				ORGANIZATIONNAME = "Mike Mannix";
				TargetAttributes = {
					B7F9D8EF193946510036822C = {
						TestTargetID = B7F9D8CF193946510036822C;
					};
				};
			};
			buildConfigurationList = B7F9D8CB193946510036822C /* Build configuration list for PBXProject "TopMovies" */;
			compatibilityVersion = "Xcode 3.2";
			developmentRegion = English;
			hasScannedForEncodings = 0;
			knownRegions = (
				en,
			);
			mainGroup = B7F9D8C7193946510036822C;
			productRefGroup = B7F9D8D1193946510036822C /* Products */;
			projectDirPath = "";
			projectRoot = "";
			targets = (
				B7F9D8CF193946510036822C /* TopMovies */,
				B7F9D8EF193946510036822C /* TopMoviesTests */,
			);
		};
/* End PBXProject section */

/* Begin PBXResourcesBuildPhase section */
		B7F9D8CE193946510036822C /* Resources */ = {
			isa = PBXResourcesBuildPhase;
			buildActionMask = 2147483647;
			files = (
				B7F9D94F19394F0C0036822C /* Main_iPhone.storyboard in Resources */,
				B7F9D94D19394EFB0036822C /* Main_iPad.storyboard in Resources */,
				B7F9D8E0193946510036822C /* InfoPlist.strings in Resources */,
				B7F9D8EB193946510036822C /* Images.xcassets in Resources */,
			);
			runOnlyForDeploymentPostprocessing = 0;
		};
		B7F9D8EE193946510036822C /* Resources */ = {
			isa = PBXResourcesBuildPhase;
			buildActionMask = 2147483647;
			files = (
				B7F9D8FD193946510036822C /* InfoPlist.strings in Resources */,
			);
			runOnlyForDeploymentPostprocessing = 0;
		};
/* End PBXResourcesBuildPhase section */

/* Begin PBXSourcesBuildPhase section */
		B7F9D8CC193946510036822C /* Sources */ = {
			isa = PBXSourcesBuildPhase;
			buildActionMask = 2147483647;
			files = (
				B7F9D8E6193946510036822C /* MMAppDelegate.m in Sources */,
				B7F9D8E9193946510036822C /* TopMovies.xcdatamodeld in Sources */,
				B7F9D8E2193946510036822C /* main.m in Sources */,
				B7F9D955193951080036822C /* MovieListViewController.m in Sources */,
			);
			runOnlyForDeploymentPostprocessing = 0;
		};
		B7F9D8EC193946510036822C /* Sources */ = {
			isa = PBXSourcesBuildPhase;
			buildActionMask = 2147483647;
			files = (
				B7F9D8FF193946510036822C /* TopMoviesTests.m in Sources */,
			);
			runOnlyForDeploymentPostprocessing = 0;
		};
/* End PBXSourcesBuildPhase section */

/* Begin PBXTargetDependency section */
		B7F9D8F7193946510036822C /* PBXTargetDependency */ = {
			isa = PBXTargetDependency;
			target = B7F9D8CF193946510036822C /* TopMovies */;
			targetProxy = B7F9D8F6193946510036822C /* PBXContainerItemProxy */;
		};
/* End PBXTargetDependency section */

/* Begin PBXVariantGroup section */
		B7F9D8DE193946510036822C /* InfoPlist.strings */ = {
			isa = PBXVariantGroup;
			children = (
				B7F9D8DF193946510036822C /* en */,
			);
			name = InfoPlist.strings;
			sourceTree = "<group>";
		};
		B7F9D8FB193946510036822C /* InfoPlist.strings */ = {
			isa = PBXVariantGroup;
			children = (
				B7F9D8FC193946510036822C /* en */,
			);
			name = InfoPlist.strings;
			sourceTree = "<group>";
		};
/* End PBXVariantGroup section */

/* Begin XCBuildConfiguration section */
		B7F9D900193946510036822C /* Debug */ = {
			isa = XCBuildConfiguration;
			buildSettings = {
				ALWAYS_SEARCH_USER_PATHS = NO;
				CLANG_CXX_LANGUAGE_STANDARD = "gnu++0x";
				CLANG_CXX_LIBRARY = "libc++";
				CLANG_ENABLE_MODULES = YES;
				CLANG_ENABLE_OBJC_ARC = YES;
				CLANG_WARN_BOOL_CONVERSION = YES;
				CLANG_WARN_CONSTANT_CONVERSION = YES;
				CLANG_WARN_DIRECT_OBJC_ISA_USAGE = YES_ERROR;
				CLANG_WARN_EMPTY_BODY = YES;
				CLANG_WARN_ENUM_CONVERSION = YES;
				CLANG_WARN_INT_CONVERSION = YES;
				CLANG_WARN_OBJC_ROOT_CLASS = YES_ERROR;
				CLANG_WARN__DUPLICATE_METHOD_MATCH = YES;
				"CODE_SIGN_IDENTITY[sdk=iphoneos*]" = "iPhone Developer";
				COPY_PHASE_STRIP = NO;
				GCC_C_LANGUAGE_STANDARD = gnu99;
				GCC_DYNAMIC_NO_PIC = NO;
				GCC_OPTIMIZATION_LEVEL = 0;
				GCC_PREPROCESSOR_DEFINITIONS = (
					"DEBUG=1",
					"$(inherited)",
				);
				GCC_SYMBOLS_PRIVATE_EXTERN = NO;
				GCC_WARN_64_TO_32_BIT_CONVERSION = YES;
				GCC_WARN_ABOUT_RETURN_TYPE = YES_ERROR;
				GCC_WARN_UNDECLARED_SELECTOR = YES;
				GCC_WARN_UNINITIALIZED_AUTOS = YES_AGGRESSIVE;
				GCC_WARN_UNUSED_FUNCTION = YES;
				GCC_WARN_UNUSED_VARIABLE = YES;
				IPHONEOS_DEPLOYMENT_TARGET = 7.1;
				ONLY_ACTIVE_ARCH = YES;
				SDKROOT = iphoneos;
				TARGETED_DEVICE_FAMILY = "1,2";
			};
			name = Debug;
		};
		B7F9D901193946510036822C /* Release */ = {
			isa = XCBuildConfiguration;
			buildSettings = {
				ALWAYS_SEARCH_USER_PATHS = NO;
				CLANG_CXX_LANGUAGE_STANDARD = "gnu++0x";
				CLANG_CXX_LIBRARY = "libc++";
				CLANG_ENABLE_MODULES = YES;
				CLANG_ENABLE_OBJC_ARC = YES;
				CLANG_WARN_BOOL_CONVERSION = YES;
				CLANG_WARN_CONSTANT_CONVERSION = YES;
				CLANG_WARN_DIRECT_OBJC_ISA_USAGE = YES_ERROR;
				CLANG_WARN_EMPTY_BODY = YES;
				CLANG_WARN_ENUM_CONVERSION = YES;
				CLANG_WARN_INT_CONVERSION = YES;
				CLANG_WARN_OBJC_ROOT_CLASS = YES_ERROR;
				CLANG_WARN__DUPLICATE_METHOD_MATCH = YES;
				"CODE_SIGN_IDENTITY[sdk=iphoneos*]" = "iPhone Developer";
				COPY_PHASE_STRIP = YES;
				ENABLE_NS_ASSERTIONS = NO;
				GCC_C_LANGUAGE_STANDARD = gnu99;
				GCC_WARN_64_TO_32_BIT_CONVERSION = YES;
				GCC_WARN_ABOUT_RETURN_TYPE = YES_ERROR;
				GCC_WARN_UNDECLARED_SELECTOR = YES;
				GCC_WARN_UNINITIALIZED_AUTOS = YES_AGGRESSIVE;
				GCC_WARN_UNUSED_FUNCTION = YES;
				GCC_WARN_UNUSED_VARIABLE = YES;
				IPHONEOS_DEPLOYMENT_TARGET = 7.1;
				SDKROOT = iphoneos;
				TARGETED_DEVICE_FAMILY = "1,2";
				VALIDATE_PRODUCT = YES;
			};
			name = Release;
		};
		B7F9D903193946510036822C /* Debug */ = {
			isa = XCBuildConfiguration;
			buildSettings = {
				ASSETCATALOG_COMPILER_APPICON_NAME = AppIcon;
				ASSETCATALOG_COMPILER_LAUNCHIMAGE_NAME = LaunchImage;
				GCC_PRECOMPILE_PREFIX_HEADER = YES;
				GCC_PREFIX_HEADER = "TopMovies/TopMovies-Prefix.pch";
				INFOPLIST_FILE = "TopMovies/TopMovies-Info.plist";
				PRODUCT_NAME = "$(TARGET_NAME)";
				WRAPPER_EXTENSION = app;
			};
			name = Debug;
		};
		B7F9D904193946510036822C /* Release */ = {
			isa = XCBuildConfiguration;
			buildSettings = {
				ASSETCATALOG_COMPILER_APPICON_NAME = AppIcon;
				ASSETCATALOG_COMPILER_LAUNCHIMAGE_NAME = LaunchImage;
				GCC_PRECOMPILE_PREFIX_HEADER = YES;
				GCC_PREFIX_HEADER = "TopMovies/TopMovies-Prefix.pch";
				INFOPLIST_FILE = "TopMovies/TopMovies-Info.plist";
				PRODUCT_NAME = "$(TARGET_NAME)";
				WRAPPER_EXTENSION = app;
			};
			name = Release;
		};
		B7F9D906193946510036822C /* Debug */ = {
			isa = XCBuildConfiguration;
			buildSettings = {
				BUNDLE_LOADER = "$(BUILT_PRODUCTS_DIR)/TopMovies.app/TopMovies";
				FRAMEWORK_SEARCH_PATHS = (
					"$(SDKROOT)/Developer/Library/Frameworks",
					"$(inherited)",
					"$(DEVELOPER_FRAMEWORKS_DIR)",
				);
				GCC_PRECOMPILE_PREFIX_HEADER = YES;
				GCC_PREFIX_HEADER = "TopMovies/TopMovies-Prefix.pch";
				GCC_PREPROCESSOR_DEFINITIONS = (
					"DEBUG=1",
					"$(inherited)",
				);
				INFOPLIST_FILE = "TopMoviesTests/TopMoviesTests-Info.plist";
				PRODUCT_NAME = "$(TARGET_NAME)";
				TEST_HOST = "$(BUNDLE_LOADER)";
				WRAPPER_EXTENSION = xctest;
			};
			name = Debug;
		};
		B7F9D907193946510036822C /* Release */ = {
			isa = XCBuildConfiguration;
			buildSettings = {
				BUNDLE_LOADER = "$(BUILT_PRODUCTS_DIR)/TopMovies.app/TopMovies";
				FRAMEWORK_SEARCH_PATHS = (
					"$(SDKROOT)/Developer/Library/Frameworks",
					"$(inherited)",
					"$(DEVELOPER_FRAMEWORKS_DIR)",
				);
				GCC_PRECOMPILE_PREFIX_HEADER = YES;
				GCC_PREFIX_HEADER = "TopMovies/TopMovies-Prefix.pch";
				INFOPLIST_FILE = "TopMoviesTests/TopMoviesTests-Info.plist";
				PRODUCT_NAME = "$(TARGET_NAME)";
				TEST_HOST = "$(BUNDLE_LOADER)";
				WRAPPER_EXTENSION = xctest;
			};
			name = Release;
		};
/* End XCBuildConfiguration section */

/* Begin XCConfigurationList section */
		B7F9D8CB193946510036822C /* Build configuration list for PBXProject "TopMovies" */ = {
			isa = XCConfigurationList;
			buildConfigurations = (
				B7F9D900193946510036822C /* Debug */,
				B7F9D901193946510036822C /* Release */,
			);
			defaultConfigurationIsVisible = 0;
			defaultConfigurationName = Release;
		};
		B7F9D902193946510036822C /* Build configuration list for PBXNativeTarget "TopMovies" */ = {
			isa = XCConfigurationList;
			buildConfigurations = (
				B7F9D903193946510036822C /* Debug */,
				B7F9D904193946510036822C /* Release */,
			);
			defaultConfigurationIsVisible = 0;
		};
		B7F9D905193946510036822C /* Build configuration list for PBXNativeTarget "TopMoviesTests" */ = {
			isa = XCConfigurationList;
			buildConfigurations = (
				B7F9D906193946510036822C /* Debug */,
				B7F9D907193946510036822C /* Release */,
			);
			defaultConfigurationIsVisible = 0;
		};
/* End XCConfigurationList section */

/* Begin XCVersionGroup section */
		B7F9D8E7193946510036822C /* TopMovies.xcdatamodeld */ = {
			isa = XCVersionGroup;
			children = (
				B7F9D8E8193946510036822C /* TopMovies.xcdatamodel */,
			);
			currentVersion = B7F9D8E8193946510036822C /* TopMovies.xcdatamodel */;
			path = TopMovies.xcdatamodeld;
			sourceTree = "<group>";
			versionGroupType = wrapper.xcdatamodel;
		};
/* End XCVersionGroup section */
	};
	rootObject = B7F9D8C8193946510036822C /* Project object */;
}
